
Microsoft Visual Studio Solution File, Format Version 12.00
# Visual Studio 2013
VisualStudioVersion = 12.0.40629.0
MinimumVisualStudioVersion = 10.0.40219.1
Project("{FAE04EC0-301F-11D3-BF4B-00C04F79EFBC}") = "Our.Umbraco.OpeningHours", "Our.Umbraco.OpeningHours\Our.Umbraco.OpeningHours.csproj", "{C435203A-343B-4B6D-8861-F410F1B8456C}"
EndProject
Project("{2150E333-8FDC-42A3-9474-1A3956D46DE8}") = "Solution Items", "Solution Items", "{D4974521-4A3F-44B3-9650-5300A7AD9623}"
	ProjectSection(SolutionItems) = preProject
		WebEssentials-Settings.json = WebEssentials-Settings.json
	EndProjectSection
EndProject
Global
	GlobalSection(SolutionConfigurationPlatforms) = preSolution
		Debug|Any CPU = Debug|Any CPU
		Release|Any CPU = Release|Any CPU
	EndGlobalSection
	GlobalSection(ProjectConfigurationPlatforms) = postSolution
		{C435203A-343B-4B6D-8861-F410F1B8456C}.Debug|Any CPU.ActiveCfg = Debug|Any CPU
		{C435203A-343B-4B6D-8861-F410F1B8456C}.Debug|Any CPU.Build.0 = Debug|Any CPU
		{C435203A-343B-4B6D-8861-F410F1B8456C}.Release|Any CPU.ActiveCfg = Release|Any CPU
		{C435203A-343B-4B6D-8861-F410F1B8456C}.Release|Any CPU.Build.0 = Release|Any CPU
	EndGlobalSection
	GlobalSection(SolutionProperties) = preSolution
		HideSolutionNode = FALSE
	EndGlobalSection
EndGlobal
